
Microsoft Visual Studio Solution File, Format Version 12.00
Project("{FAE04EC0-301F-11D3-BF4B-00C04F79EFBC}") = "DynamicParallelism", "DynamicParallelism\DynamicParallelism.csproj", "{7A9A2004-A421-456E-9794-0D6D33D4CCEA}"
EndProject
Project("{FAE04EC0-301F-11D3-BF4B-00C04F79EFBC}") = "DynamicParallelism.Tests", "DynamicParallelism.Tests\DynamicParallelism.Tests.csproj", "{1323E293-38B5-44A0-932A-EFE9F70100CA}"
EndProject
Global
	GlobalSection(SolutionConfigurationPlatforms) = preSolution
		Debug|Any CPU = Debug|Any CPU
		Release|Any CPU = Release|Any CPU
	EndGlobalSection
	GlobalSection(ProjectConfigurationPlatforms) = postSolution
		{7A9A2004-A421-456E-9794-0D6D33D4CCEA}.Debug|Any CPU.ActiveCfg = Debug|Any CPU
		{7A9A2004-A421-456E-9794-0D6D33D4CCEA}.Debug|Any CPU.Build.0 = Debug|Any CPU
		{7A9A2004-A421-456E-9794-0D6D33D4CCEA}.Release|Any CPU.ActiveCfg = Release|Any CPU
		{7A9A2004-A421-456E-9794-0D6D33D4CCEA}.Release|Any CPU.Build.0 = Release|Any CPU
		{1323E293-38B5-44A0-932A-EFE9F70100CA}.Debug|Any CPU.ActiveCfg = Debug|Any CPU
		{1323E293-38B5-44A0-932A-EFE9F70100CA}.Debug|Any CPU.Build.0 = Debug|Any CPU
		{1323E293-38B5-44A0-932A-EFE9F70100CA}.Release|Any CPU.ActiveCfg = Release|Any CPU
		{1323E293-38B5-44A0-932A-EFE9F70100CA}.Release|Any CPU.Build.0 = Release|Any CPU
	EndGlobalSection
EndGlobal
